// !$*UTF8*$!
{
	archiveVersion = 1;
	classes = {
	};
	objectVersion = 56;
	objects = {

/* Begin PBXBuildFile section */
		6FEA1FA0E8F644819558BBD7 /* Pods_Flix.framework in Frameworks */ = {isa = PBXBuildFile; fileRef = 0C7E1E4A58A31B0AFE3B9F60 /* Pods_Flix.framework */; };
		7C00DC6C14778E0BB002834B /* Pods_FlixTests.framework in Frameworks */ = {isa = PBXBuildFile; fileRef = C81EE7CB7AE91739F094FD8B /* Pods_FlixTests.framework */; };
		E3C46C739F062FC515755B9F /* Pods_Flix_FlixUITests.framework in Frameworks */ = {isa = PBXBuildFile; fileRef = 3351959BCDE664CA90DA3112 /* Pods_Flix_FlixUITests.framework */; };
		FC43BDDC28D4E68F00F0BB9C /* MovieCell.swift in Sources */ = {isa = PBXBuildFile; fileRef = FC43BDDB28D4E68F00F0BB9C /* MovieCell.swift */; };
		FC43BDDF28D4F0ED00F0BB9C /* AlamofireImage in Frameworks */ = {isa = PBXBuildFile; productRef = FC43BDDE28D4F0ED00F0BB9C /* AlamofireImage */; };
		FC478CBE28DBB15500F707C3 /* MovieDetailsViewController.swift in Sources */ = {isa = PBXBuildFile; fileRef = FC478CBD28DBB15500F707C3 /* MovieDetailsViewController.swift */; };
		FC478CC028DD30B400F707C3 /* MovieGridViewController.swift in Sources */ = {isa = PBXBuildFile; fileRef = FC478CBF28DD30B400F707C3 /* MovieGridViewController.swift */; };
		FC478CC228DD330D00F707C3 /* MovieGridCell.swift in Sources */ = {isa = PBXBuildFile; fileRef = FC478CC128DD330D00F707C3 /* MovieGridCell.swift */; };
		FC478CC428DE6B3C00F707C3 /* SuperheroDetailsViewController.swift in Sources */ = {isa = PBXBuildFile; fileRef = FC478CC328DE6B3C00F707C3 /* SuperheroDetailsViewController.swift */; };
		FC8A698928D12FEB00DF2743 /* AppDelegate.swift in Sources */ = {isa = PBXBuildFile; fileRef = FC8A698828D12FEB00DF2743 /* AppDelegate.swift */; };
		FC8A698B28D12FEB00DF2743 /* SceneDelegate.swift in Sources */ = {isa = PBXBuildFile; fileRef = FC8A698A28D12FEB00DF2743 /* SceneDelegate.swift */; };
		FC8A698D28D12FEB00DF2743 /* ViewController.swift in Sources */ = {isa = PBXBuildFile; fileRef = FC8A698C28D12FEB00DF2743 /* ViewController.swift */; };
		FC8A699028D12FEB00DF2743 /* Main.storyboard in Resources */ = {isa = PBXBuildFile; fileRef = FC8A698E28D12FEB00DF2743 /* Main.storyboard */; };
		FC8A699228D12FED00DF2743 /* Assets.xcassets in Resources */ = {isa = PBXBuildFile; fileRef = FC8A699128D12FED00DF2743 /* Assets.xcassets */; };
		FC8A699528D12FED00DF2743 /* LaunchScreen.storyboard in Resources */ = {isa = PBXBuildFile; fileRef = FC8A699328D12FED00DF2743 /* LaunchScreen.storyboard */; };
		FC8A69A028D12FED00DF2743 /* FlixTests.swift in Sources */ = {isa = PBXBuildFile; fileRef = FC8A699F28D12FED00DF2743 /* FlixTests.swift */; };
		FC8A69AA28D12FED00DF2743 /* FlixUITests.swift in Sources */ = {isa = PBXBuildFile; fileRef = FC8A69A928D12FED00DF2743 /* FlixUITests.swift */; };
		FC8A69AC28D12FED00DF2743 /* FlixUITestsLaunchTests.swift in Sources */ = {isa = PBXBuildFile; fileRef = FC8A69AB28D12FED00DF2743 /* FlixUITestsLaunchTests.swift */; };
		FC8A69BE28D138B600DF2743 /* MovieViewController.swift in Sources */ = {isa = PBXBuildFile; fileRef = FC8A69BD28D138B600DF2743 /* MovieViewController.swift */; };
/* End PBXBuildFile section */

/* Begin PBXContainerItemProxy section */
		FC8A699C28D12FED00DF2743 /* PBXContainerItemProxy */ = {
			isa = PBXContainerItemProxy;
			containerPortal = FC8A697D28D12FEB00DF2743 /* Project object */;
			proxyType = 1;
			remoteGlobalIDString = FC8A698428D12FEB00DF2743;
			remoteInfo = Flix;
		};
		FC8A69A628D12FED00DF2743 /* PBXContainerItemProxy */ = {
			isa = PBXContainerItemProxy;
			containerPortal = FC8A697D28D12FEB00DF2743 /* Project object */;
			proxyType = 1;
			remoteGlobalIDString = FC8A698428D12FEB00DF2743;
			remoteInfo = Flix;
		};
/* End PBXContainerItemProxy section */

/* Begin PBXFileReference section */
		0C7E1E4A58A31B0AFE3B9F60 /* Pods_Flix.framework */ = {isa = PBXFileReference; explicitFileType = wrapper.framework; includeInIndex = 0; path = Pods_Flix.framework; sourceTree = BUILT_PRODUCTS_DIR; };
		1001AB4E92A3D621B4B3EBD0 /* Pods-Flix.release.xcconfig */ = {isa = PBXFileReference; includeInIndex = 1; lastKnownFileType = text.xcconfig; name = "Pods-Flix.release.xcconfig"; path = "Target Support Files/Pods-Flix/Pods-Flix.release.xcconfig"; sourceTree = "<group>"; };
		2F716AA794E3690B3E5BACA4 /* Pods-Flix-FlixUITests.release.xcconfig */ = {isa = PBXFileReference; includeInIndex = 1; lastKnownFileType = text.xcconfig; name = "Pods-Flix-FlixUITests.release.xcconfig"; path = "Target Support Files/Pods-Flix-FlixUITests/Pods-Flix-FlixUITests.release.xcconfig"; sourceTree = "<group>"; };
		3351959BCDE664CA90DA3112 /* Pods_Flix_FlixUITests.framework */ = {isa = PBXFileReference; explicitFileType = wrapper.framework; includeInIndex = 0; path = Pods_Flix_FlixUITests.framework; sourceTree = BUILT_PRODUCTS_DIR; };
		7FDC13BB783E64A799CD6E83 /* Pods-Flix.debug.xcconfig */ = {isa = PBXFileReference; includeInIndex = 1; lastKnownFileType = text.xcconfig; name = "Pods-Flix.debug.xcconfig"; path = "Target Support Files/Pods-Flix/Pods-Flix.debug.xcconfig"; sourceTree = "<group>"; };
		9E74F2A4A2EA67306BC4A1C5 /* Pods-FlixTests.release.xcconfig */ = {isa = PBXFileReference; includeInIndex = 1; lastKnownFileType = text.xcconfig; name = "Pods-FlixTests.release.xcconfig"; path = "Target Support Files/Pods-FlixTests/Pods-FlixTests.release.xcconfig"; sourceTree = "<group>"; };
		AF3D10719C826AF763CFA61B /* Pods-Flix-FlixUITests.debug.xcconfig */ = {isa = PBXFileReference; includeInIndex = 1; lastKnownFileType = text.xcconfig; name = "Pods-Flix-FlixUITests.debug.xcconfig"; path = "Target Support Files/Pods-Flix-FlixUITests/Pods-Flix-FlixUITests.debug.xcconfig"; sourceTree = "<group>"; };
		C81EE7CB7AE91739F094FD8B /* Pods_FlixTests.framework */ = {isa = PBXFileReference; explicitFileType = wrapper.framework; includeInIndex = 0; path = Pods_FlixTests.framework; sourceTree = BUILT_PRODUCTS_DIR; };
		F0D6B2A963AC86A08801BE54 /* Pods-FlixTests.debug.xcconfig */ = {isa = PBXFileReference; includeInIndex = 1; lastKnownFileType = text.xcconfig; name = "Pods-FlixTests.debug.xcconfig"; path = "Target Support Files/Pods-FlixTests/Pods-FlixTests.debug.xcconfig"; sourceTree = "<group>"; };
		FC43BDDB28D4E68F00F0BB9C /* MovieCell.swift */ = {isa = PBXFileReference; lastKnownFileType = sourcecode.swift; path = MovieCell.swift; sourceTree = "<group>"; };
		FC478CBD28DBB15500F707C3 /* MovieDetailsViewController.swift */ = {isa = PBXFileReference; lastKnownFileType = sourcecode.swift; path = MovieDetailsViewController.swift; sourceTree = "<group>"; };
		FC478CBF28DD30B400F707C3 /* MovieGridViewController.swift */ = {isa = PBXFileReference; lastKnownFileType = sourcecode.swift; path = MovieGridViewController.swift; sourceTree = "<group>"; };
		FC478CC128DD330D00F707C3 /* MovieGridCell.swift */ = {isa = PBXFileReference; lastKnownFileType = sourcecode.swift; path = MovieGridCell.swift; sourceTree = "<group>"; };
		FC478CC328DE6B3C00F707C3 /* SuperheroDetailsViewController.swift */ = {isa = PBXFileReference; lastKnownFileType = sourcecode.swift; path = SuperheroDetailsViewController.swift; sourceTree = "<group>"; };
		FC8A698528D12FEB00DF2743 /* Flix.app */ = {isa = PBXFileReference; explicitFileType = wrapper.application; includeInIndex = 0; path = Flix.app; sourceTree = BUILT_PRODUCTS_DIR; };
		FC8A698828D12FEB00DF2743 /* AppDelegate.swift */ = {isa = PBXFileReference; lastKnownFileType = sourcecode.swift; path = AppDelegate.swift; sourceTree = "<group>"; };
		FC8A698A28D12FEB00DF2743 /* SceneDelegate.swift */ = {isa = PBXFileReference; lastKnownFileType = sourcecode.swift; path = SceneDelegate.swift; sourceTree = "<group>"; };
		FC8A698C28D12FEB00DF2743 /* ViewController.swift */ = {isa = PBXFileReference; lastKnownFileType = sourcecode.swift; path = ViewController.swift; sourceTree = "<group>"; };
		FC8A698F28D12FEB00DF2743 /* Base */ = {isa = PBXFileReference; lastKnownFileType = file.storyboard; name = Base; path = Base.lproj/Main.storyboard; sourceTree = "<group>"; };
		FC8A699128D12FED00DF2743 /* Assets.xcassets */ = {isa = PBXFileReference; lastKnownFileType = folder.assetcatalog; path = Assets.xcassets; sourceTree = "<group>"; };
		FC8A699428D12FED00DF2743 /* Base */ = {isa = PBXFileReference; lastKnownFileType = file.storyboard; name = Base; path = Base.lproj/LaunchScreen.storyboard; sourceTree = "<group>"; };
		FC8A699628D12FED00DF2743 /* Info.plist */ = {isa = PBXFileReference; lastKnownFileType = text.plist.xml; path = Info.plist; sourceTree = "<group>"; };
		FC8A699B28D12FED00DF2743 /* FlixTests.xctest */ = {isa = PBXFileReference; explicitFileType = wrapper.cfbundle; includeInIndex = 0; path = FlixTests.xctest; sourceTree = BUILT_PRODUCTS_DIR; };
		FC8A699F28D12FED00DF2743 /* FlixTests.swift */ = {isa = PBXFileReference; lastKnownFileType = sourcecode.swift; path = FlixTests.swift; sourceTree = "<group>"; };
		FC8A69A528D12FED00DF2743 /* FlixUITests.xctest */ = {isa = PBXFileReference; explicitFileType = wrapper.cfbundle; includeInIndex = 0; path = FlixUITests.xctest; sourceTree = BUILT_PRODUCTS_DIR; };
		FC8A69A928D12FED00DF2743 /* FlixUITests.swift */ = {isa = PBXFileReference; lastKnownFileType = sourcecode.swift; path = FlixUITests.swift; sourceTree = "<group>"; };
		FC8A69AB28D12FED00DF2743 /* FlixUITestsLaunchTests.swift */ = {isa = PBXFileReference; lastKnownFileType = sourcecode.swift; path = FlixUITestsLaunchTests.swift; sourceTree = "<group>"; };
		FC8A69BD28D138B600DF2743 /* MovieViewController.swift */ = {isa = PBXFileReference; lastKnownFileType = sourcecode.swift; path = MovieViewController.swift; sourceTree = "<group>"; };
/* End PBXFileReference section */

/* Begin PBXFrameworksBuildPhase section */
		FC8A698228D12FEB00DF2743 /* Frameworks */ = {
			isa = PBXFrameworksBuildPhase;
			buildActionMask = 2147483647;
			files = (
				FC43BDDF28D4F0ED00F0BB9C /* AlamofireImage in Frameworks */,
				6FEA1FA0E8F644819558BBD7 /* Pods_Flix.framework in Frameworks */,
			);
			runOnlyForDeploymentPostprocessing = 0;
		};
		FC8A699828D12FED00DF2743 /* Frameworks */ = {
			isa = PBXFrameworksBuildPhase;
			buildActionMask = 2147483647;
			files = (
				7C00DC6C14778E0BB002834B /* Pods_FlixTests.framework in Frameworks */,
			);
			runOnlyForDeploymentPostprocessing = 0;
		};
		FC8A69A228D12FED00DF2743 /* Frameworks */ = {
			isa = PBXFrameworksBuildPhase;
			buildActionMask = 2147483647;
			files = (
				E3C46C739F062FC515755B9F /* Pods_Flix_FlixUITests.framework in Frameworks */,
			);
			runOnlyForDeploymentPostprocessing = 0;
		};
/* End PBXFrameworksBuildPhase section */

/* Begin PBXGroup section */
		0460B578BD3F2ACD4DA85B64 /* Frameworks */ = {
			isa = PBXGroup;
			children = (
				0C7E1E4A58A31B0AFE3B9F60 /* Pods_Flix.framework */,
				3351959BCDE664CA90DA3112 /* Pods_Flix_FlixUITests.framework */,
				C81EE7CB7AE91739F094FD8B /* Pods_FlixTests.framework */,
			);
			name = Frameworks;
			sourceTree = "<group>";
		};
		CE778291AC849436F9AC692F /* Pods */ = {
			isa = PBXGroup;
			children = (
				7FDC13BB783E64A799CD6E83 /* Pods-Flix.debug.xcconfig */,
				1001AB4E92A3D621B4B3EBD0 /* Pods-Flix.release.xcconfig */,
				AF3D10719C826AF763CFA61B /* Pods-Flix-FlixUITests.debug.xcconfig */,
				2F716AA794E3690B3E5BACA4 /* Pods-Flix-FlixUITests.release.xcconfig */,
				F0D6B2A963AC86A08801BE54 /* Pods-FlixTests.debug.xcconfig */,
				9E74F2A4A2EA67306BC4A1C5 /* Pods-FlixTests.release.xcconfig */,
			);
			path = Pods;
			sourceTree = "<group>";
		};
		FC8A697C28D12FEB00DF2743 = {
			isa = PBXGroup;
			children = (
				FC8A698728D12FEB00DF2743 /* Flix */,
				FC8A699E28D12FED00DF2743 /* FlixTests */,
				FC8A69A828D12FED00DF2743 /* FlixUITests */,
				FC8A698628D12FEB00DF2743 /* Products */,
				CE778291AC849436F9AC692F /* Pods */,
				0460B578BD3F2ACD4DA85B64 /* Frameworks */,
			);
			sourceTree = "<group>";
		};
		FC8A698628D12FEB00DF2743 /* Products */ = {
			isa = PBXGroup;
			children = (
				FC8A698528D12FEB00DF2743 /* Flix.app */,
				FC8A699B28D12FED00DF2743 /* FlixTests.xctest */,
				FC8A69A528D12FED00DF2743 /* FlixUITests.xctest */,
			);
			name = Products;
			sourceTree = "<group>";
		};
		FC8A698728D12FEB00DF2743 /* Flix */ = {
			isa = PBXGroup;
			children = (
				FC8A698828D12FEB00DF2743 /* AppDelegate.swift */,
				FC8A698A28D12FEB00DF2743 /* SceneDelegate.swift */,
				FC8A698C28D12FEB00DF2743 /* ViewController.swift */,
				FC8A698E28D12FEB00DF2743 /* Main.storyboard */,
				FC8A699128D12FED00DF2743 /* Assets.xcassets */,
				FC8A699328D12FED00DF2743 /* LaunchScreen.storyboard */,
				FC8A699628D12FED00DF2743 /* Info.plist */,
				FC8A69BD28D138B600DF2743 /* MovieViewController.swift */,
				FC43BDDB28D4E68F00F0BB9C /* MovieCell.swift */,
				FC478CBD28DBB15500F707C3 /* MovieDetailsViewController.swift */,
				FC478CBF28DD30B400F707C3 /* MovieGridViewController.swift */,
				FC478CC128DD330D00F707C3 /* MovieGridCell.swift */,
				FC478CC328DE6B3C00F707C3 /* SuperheroDetailsViewController.swift */,
			);
			path = Flix;
			sourceTree = "<group>";
		};
		FC8A699E28D12FED00DF2743 /* FlixTests */ = {
			isa = PBXGroup;
			children = (
				FC8A699F28D12FED00DF2743 /* FlixTests.swift */,
			);
			path = FlixTests;
			sourceTree = "<group>";
		};
		FC8A69A828D12FED00DF2743 /* FlixUITests */ = {
			isa = PBXGroup;
			children = (
				FC8A69A928D12FED00DF2743 /* FlixUITests.swift */,
				FC8A69AB28D12FED00DF2743 /* FlixUITestsLaunchTests.swift */,
			);
			path = FlixUITests;
			sourceTree = "<group>";
		};
/* End PBXGroup section */

/* Begin PBXNativeTarget section */
		FC8A698428D12FEB00DF2743 /* Flix */ = {
			isa = PBXNativeTarget;
			buildConfigurationList = FC8A69AF28D12FED00DF2743 /* Build configuration list for PBXNativeTarget "Flix" */;
			buildPhases = (
				E2BB5CF905E0D6E3A289E6DD /* [CP] Check Pods Manifest.lock */,
				FC8A698128D12FEB00DF2743 /* Sources */,
				FC8A698228D12FEB00DF2743 /* Frameworks */,
				FC8A698328D12FEB00DF2743 /* Resources */,
				8F7E988D7FE95A3CCA51E800 /* [CP] Embed Pods Frameworks */,
			);
			buildRules = (
			);
			dependencies = (
			);
			name = Flix;
			packageProductDependencies = (
				FC43BDDE28D4F0ED00F0BB9C /* AlamofireImage */,
			);
			productName = Flix;
			productReference = FC8A698528D12FEB00DF2743 /* Flix.app */;
			productType = "com.apple.product-type.application";
		};
		FC8A699A28D12FED00DF2743 /* FlixTests */ = {
			isa = PBXNativeTarget;
			buildConfigurationList = FC8A69B228D12FED00DF2743 /* Build configuration list for PBXNativeTarget "FlixTests" */;
			buildPhases = (
				7B80785008E80290F7D22E7D /* [CP] Check Pods Manifest.lock */,
				FC8A699728D12FED00DF2743 /* Sources */,
				FC8A699828D12FED00DF2743 /* Frameworks */,
				FC8A699928D12FED00DF2743 /* Resources */,
			);
			buildRules = (
			);
			dependencies = (
				FC8A699D28D12FED00DF2743 /* PBXTargetDependency */,
			);
			name = FlixTests;
			productName = FlixTests;
			productReference = FC8A699B28D12FED00DF2743 /* FlixTests.xctest */;
			productType = "com.apple.product-type.bundle.unit-test";
		};
		FC8A69A428D12FED00DF2743 /* FlixUITests */ = {
			isa = PBXNativeTarget;
			buildConfigurationList = FC8A69B528D12FED00DF2743 /* Build configuration list for PBXNativeTarget "FlixUITests" */;
			buildPhases = (
				D4526F3FE648CD47891EBA45 /* [CP] Check Pods Manifest.lock */,
				FC8A69A128D12FED00DF2743 /* Sources */,
				FC8A69A228D12FED00DF2743 /* Frameworks */,
				FC8A69A328D12FED00DF2743 /* Resources */,
				5B6CA42B1571A75590AC398D /* [CP] Embed Pods Frameworks */,
			);
			buildRules = (
			);
			dependencies = (
				FC8A69A728D12FED00DF2743 /* PBXTargetDependency */,
			);
			name = FlixUITests;
			productName = FlixUITests;
			productReference = FC8A69A528D12FED00DF2743 /* FlixUITests.xctest */;
			productType = "com.apple.product-type.bundle.ui-testing";
		};
/* End PBXNativeTarget section */

/* Begin PBXProject section */
		FC8A697D28D12FEB00DF2743 /* Project object */ = {
			isa = PBXProject;
			attributes = {
				BuildIndependentTargetsInParallel = 1;
				LastSwiftUpdateCheck = 1400;
				LastUpgradeCheck = 1400;
				TargetAttributes = {
					FC8A698428D12FEB00DF2743 = {
						CreatedOnToolsVersion = 14.0;
					};
					FC8A699A28D12FED00DF2743 = {
						CreatedOnToolsVersion = 14.0;
						TestTargetID = FC8A698428D12FEB00DF2743;
					};
					FC8A69A428D12FED00DF2743 = {
						CreatedOnToolsVersion = 14.0;
						TestTargetID = FC8A698428D12FEB00DF2743;
					};
				};
			};
			buildConfigurationList = FC8A698028D12FEB00DF2743 /* Build configuration list for PBXProject "Flix" */;
			compatibilityVersion = "Xcode 14.0";
			developmentRegion = en;
			hasScannedForEncodings = 0;
			knownRegions = (
				en,
				Base,
			);
			mainGroup = FC8A697C28D12FEB00DF2743;
			packageReferences = (
				FC43BDDD28D4F0ED00F0BB9C /* XCRemoteSwiftPackageReference "AlamofireImage" */,
			);
			productRefGroup = FC8A698628D12FEB00DF2743 /* Products */;
			projectDirPath = "";
			projectRoot = "";
			targets = (
				FC8A698428D12FEB00DF2743 /* Flix */,
				FC8A699A28D12FED00DF2743 /* FlixTests */,
				FC8A69A428D12FED00DF2743 /* FlixUITests */,
			);
		};
/* End PBXProject section */

/* Begin PBXResourcesBuildPhase section */
		FC8A698328D12FEB00DF2743 /* Resources */ = {
			isa = PBXResourcesBuildPhase;
			buildActionMask = 2147483647;
			files = (
				FC8A699528D12FED00DF2743 /* LaunchScreen.storyboard in Resources */,
				FC8A699228D12FED00DF2743 /* Assets.xcassets in Resources */,
				FC8A699028D12FEB00DF2743 /* Main.storyboard in Resources */,
			);
			runOnlyForDeploymentPostprocessing = 0;
		};
		FC8A699928D12FED00DF2743 /* Resources */ = {
			isa = PBXResourcesBuildPhase;
			buildActionMask = 2147483647;
			files = (
			);
			runOnlyForDeploymentPostprocessing = 0;
		};
		FC8A69A328D12FED00DF2743 /* Resources */ = {
			isa = PBXResourcesBuildPhase;
			buildActionMask = 2147483647;
			files = (
			);
			runOnlyForDeploymentPostprocessing = 0;
		};
/* End PBXResourcesBuildPhase section */

/* Begin PBXShellScriptBuildPhase section */
		5B6CA42B1571A75590AC398D /* [CP] Embed Pods Frameworks */ = {
			isa = PBXShellScriptBuildPhase;
			buildActionMask = 2147483647;
			files = (
			);
			inputFileListPaths = (
				"${PODS_ROOT}/Target Support Files/Pods-Flix-FlixUITests/Pods-Flix-FlixUITests-frameworks-${CONFIGURATION}-input-files.xcfilelist",
			);
			name = "[CP] Embed Pods Frameworks";
			outputFileListPaths = (
				"${PODS_ROOT}/Target Support Files/Pods-Flix-FlixUITests/Pods-Flix-FlixUITests-frameworks-${CONFIGURATION}-output-files.xcfilelist",
			);
			runOnlyForDeploymentPostprocessing = 0;
			shellPath = /bin/sh;
			shellScript = "\"${PODS_ROOT}/Target Support Files/Pods-Flix-FlixUITests/Pods-Flix-FlixUITests-frameworks.sh\"\n";
			showEnvVarsInLog = 0;
		};
		7B80785008E80290F7D22E7D /* [CP] Check Pods Manifest.lock */ = {
			isa = PBXShellScriptBuildPhase;
			buildActionMask = 2147483647;
			files = (
			);
			inputFileListPaths = (
			);
			inputPaths = (
				"${PODS_PODFILE_DIR_PATH}/Podfile.lock",
				"${PODS_ROOT}/Manifest.lock",
			);
			name = "[CP] Check Pods Manifest.lock";
			outputFileListPaths = (
			);
			outputPaths = (
				"$(DERIVED_FILE_DIR)/Pods-FlixTests-checkManifestLockResult.txt",
			);
			runOnlyForDeploymentPostprocessing = 0;
			shellPath = /bin/sh;
			shellScript = "diff \"${PODS_PODFILE_DIR_PATH}/Podfile.lock\" \"${PODS_ROOT}/Manifest.lock\" > /dev/null\nif [ $? != 0 ] ; then\n    # print error to STDERR\n    echo \"error: The sandbox is not in sync with the Podfile.lock. Run 'pod install' or update your CocoaPods installation.\" >&2\n    exit 1\nfi\n# This output is used by Xcode 'outputs' to avoid re-running this script phase.\necho \"SUCCESS\" > \"${SCRIPT_OUTPUT_FILE_0}\"\n";
			showEnvVarsInLog = 0;
		};
		8F7E988D7FE95A3CCA51E800 /* [CP] Embed Pods Frameworks */ = {
			isa = PBXShellScriptBuildPhase;
			buildActionMask = 2147483647;
			files = (
			);
			inputFileListPaths = (
				"${PODS_ROOT}/Target Support Files/Pods-Flix/Pods-Flix-frameworks-${CONFIGURATION}-input-files.xcfilelist",
			);
			name = "[CP] Embed Pods Frameworks";
			outputFileListPaths = (
				"${PODS_ROOT}/Target Support Files/Pods-Flix/Pods-Flix-frameworks-${CONFIGURATION}-output-files.xcfilelist",
			);
			runOnlyForDeploymentPostprocessing = 0;
			shellPath = /bin/sh;
			shellScript = "\"${PODS_ROOT}/Target Support Files/Pods-Flix/Pods-Flix-frameworks.sh\"\n";
			showEnvVarsInLog = 0;
		};
		D4526F3FE648CD47891EBA45 /* [CP] Check Pods Manifest.lock */ = {
			isa = PBXShellScriptBuildPhase;
			buildActionMask = 2147483647;
			files = (
			);
			inputFileListPaths = (
			);
			inputPaths = (
				"${PODS_PODFILE_DIR_PATH}/Podfile.lock",
				"${PODS_ROOT}/Manifest.lock",
			);
			name = "[CP] Check Pods Manifest.lock";
			outputFileListPaths = (
			);
			outputPaths = (
				"$(DERIVED_FILE_DIR)/Pods-Flix-FlixUITests-checkManifestLockResult.txt",
			);
			runOnlyForDeploymentPostprocessing = 0;
			shellPath = /bin/sh;
			shellScript = "diff \"${PODS_PODFILE_DIR_PATH}/Podfile.lock\" \"${PODS_ROOT}/Manifest.lock\" > /dev/null\nif [ $? != 0 ] ; then\n    # print error to STDERR\n    echo \"error: The sandbox is not in sync with the Podfile.lock. Run 'pod install' or update your CocoaPods installation.\" >&2\n    exit 1\nfi\n# This output is used by Xcode 'outputs' to avoid re-running this script phase.\necho \"SUCCESS\" > \"${SCRIPT_OUTPUT_FILE_0}\"\n";
			showEnvVarsInLog = 0;
		};
		E2BB5CF905E0D6E3A289E6DD /* [CP] Check Pods Manifest.lock */ = {
			isa = PBXShellScriptBuildPhase;
			buildActionMask = 2147483647;
			files = (
			);
			inputFileListPaths = (
			);
			inputPaths = (
				"${PODS_PODFILE_DIR_PATH}/Podfile.lock",
				"${PODS_ROOT}/Manifest.lock",
			);
			name = "[CP] Check Pods Manifest.lock";
			outputFileListPaths = (
			);
			outputPaths = (
				"$(DERIVED_FILE_DIR)/Pods-Flix-checkManifestLockResult.txt",
			);
			runOnlyForDeploymentPostprocessing = 0;
			shellPath = /bin/sh;
			shellScript = "diff \"${PODS_PODFILE_DIR_PATH}/Podfile.lock\" \"${PODS_ROOT}/Manifest.lock\" > /dev/null\nif [ $? != 0 ] ; then\n    # print error to STDERR\n    echo \"error: The sandbox is not in sync with the Podfile.lock. Run 'pod install' or update your CocoaPods installation.\" >&2\n    exit 1\nfi\n# This output is used by Xcode 'outputs' to avoid re-running this script phase.\necho \"SUCCESS\" > \"${SCRIPT_OUTPUT_FILE_0}\"\n";
			showEnvVarsInLog = 0;
		};
/* End PBXShellScriptBuildPhase section */

/* Begin PBXSourcesBuildPhase section */
		FC8A698128D12FEB00DF2743 /* Sources */ = {
			isa = PBXSourcesBuildPhase;
			buildActionMask = 2147483647;
			files = (
				FC8A698D28D12FEB00DF2743 /* ViewController.swift in Sources */,
				FC8A698928D12FEB00DF2743 /* AppDelegate.swift in Sources */,
				FC478CBE28DBB15500F707C3 /* MovieDetailsViewController.swift in Sources */,
				FC478CC028DD30B400F707C3 /* MovieGridViewController.swift in Sources */,
				FC478CC428DE6B3C00F707C3 /* SuperheroDetailsViewController.swift in Sources */,
				FC478CC228DD330D00F707C3 /* MovieGridCell.swift in Sources */,
				FC8A698B28D12FEB00DF2743 /* SceneDelegate.swift in Sources */,
				FC43BDDC28D4E68F00F0BB9C /* MovieCell.swift in Sources */,
				FC8A69BE28D138B600DF2743 /* MovieViewController.swift in Sources */,
			);
			runOnlyForDeploymentPostprocessing = 0;
		};
		FC8A699728D12FED00DF2743 /* Sources */ = {
			isa = PBXSourcesBuildPhase;
			buildActionMask = 2147483647;
			files = (
				FC8A69A028D12FED00DF2743 /* FlixTests.swift in Sources */,
			);
			runOnlyForDeploymentPostprocessing = 0;
		};
		FC8A69A128D12FED00DF2743 /* Sources */ = {
			isa = PBXSourcesBuildPhase;
			buildActionMask = 2147483647;
			files = (
				FC8A69AA28D12FED00DF2743 /* FlixUITests.swift in Sources */,
				FC8A69AC28D12FED00DF2743 /* FlixUITestsLaunchTests.swift in Sources */,
			);
			runOnlyForDeploymentPostprocessing = 0;
		};
/* End PBXSourcesBuildPhase section */

/* Begin PBXTargetDependency section */
		FC8A699D28D12FED00DF2743 /* PBXTargetDependency */ = {
			isa = PBXTargetDependency;
			target = FC8A698428D12FEB00DF2743 /* Flix */;
			targetProxy = FC8A699C28D12FED00DF2743 /* PBXContainerItemProxy */;
		};
		FC8A69A728D12FED00DF2743 /* PBXTargetDependency */ = {
			isa = PBXTargetDependency;
			target = FC8A698428D12FEB00DF2743 /* Flix */;
			targetProxy = FC8A69A628D12FED00DF2743 /* PBXContainerItemProxy */;
		};
/* End PBXTargetDependency section */

/* Begin PBXVariantGroup section */
		FC8A698E28D12FEB00DF2743 /* Main.storyboard */ = {
			isa = PBXVariantGroup;
			children = (
				FC8A698F28D12FEB00DF2743 /* Base */,
			);
			name = Main.storyboard;
			sourceTree = "<group>";
		};
		FC8A699328D12FED00DF2743 /* LaunchScreen.storyboard */ = {
			isa = PBXVariantGroup;
			children = (
				FC8A699428D12FED00DF2743 /* Base */,
			);
			name = LaunchScreen.storyboard;
			sourceTree = "<group>";
		};
/* End PBXVariantGroup section */

/* Begin XCBuildConfiguration section */
		FC8A69AD28D12FED00DF2743 /* Debug */ = {
			isa = XCBuildConfiguration;
			buildSettings = {
				ALWAYS_SEARCH_USER_PATHS = NO;
				CLANG_ANALYZER_NONNULL = YES;
				CLANG_ANALYZER_NUMBER_OBJECT_CONVERSION = YES_AGGRESSIVE;
				CLANG_CXX_LANGUAGE_STANDARD = "gnu++20";
				CLANG_ENABLE_MODULES = YES;
				CLANG_ENABLE_OBJC_ARC = YES;
				CLANG_ENABLE_OBJC_WEAK = YES;
				CLANG_WARN_BLOCK_CAPTURE_AUTORELEASING = YES;
				CLANG_WARN_BOOL_CONVERSION = YES;
				CLANG_WARN_COMMA = YES;
				CLANG_WARN_CONSTANT_CONVERSION = YES;
				CLANG_WARN_DEPRECATED_OBJC_IMPLEMENTATIONS = YES;
				CLANG_WARN_DIRECT_OBJC_ISA_USAGE = YES_ERROR;
				CLANG_WARN_DOCUMENTATION_COMMENTS = YES;
				CLANG_WARN_EMPTY_BODY = YES;
				CLANG_WARN_ENUM_CONVERSION = YES;
				CLANG_WARN_INFINITE_RECURSION = YES;
				CLANG_WARN_INT_CONVERSION = YES;
				CLANG_WARN_NON_LITERAL_NULL_CONVERSION = YES;
				CLANG_WARN_OBJC_IMPLICIT_RETAIN_SELF = YES;
				CLANG_WARN_OBJC_LITERAL_CONVERSION = YES;
				CLANG_WARN_OBJC_ROOT_CLASS = YES_ERROR;
				CLANG_WARN_QUOTED_INCLUDE_IN_FRAMEWORK_HEADER = YES;
				CLANG_WARN_RANGE_LOOP_ANALYSIS = YES;
				CLANG_WARN_STRICT_PROTOTYPES = YES;
				CLANG_WARN_SUSPICIOUS_MOVE = YES;
				CLANG_WARN_UNGUARDED_AVAILABILITY = YES_AGGRESSIVE;
				CLANG_WARN_UNREACHABLE_CODE = YES;
				CLANG_WARN__DUPLICATE_METHOD_MATCH = YES;
				COPY_PHASE_STRIP = NO;
				DEBUG_INFORMATION_FORMAT = dwarf;
				ENABLE_STRICT_OBJC_MSGSEND = YES;
				ENABLE_TESTABILITY = YES;
				GCC_C_LANGUAGE_STANDARD = gnu11;
				GCC_DYNAMIC_NO_PIC = NO;
				GCC_NO_COMMON_BLOCKS = YES;
				GCC_OPTIMIZATION_LEVEL = 0;
				GCC_PREPROCESSOR_DEFINITIONS = (
					"DEBUG=1",
					"$(inherited)",
				);
				GCC_WARN_64_TO_32_BIT_CONVERSION = YES;
				GCC_WARN_ABOUT_RETURN_TYPE = YES_ERROR;
				GCC_WARN_UNDECLARED_SELECTOR = YES;
				GCC_WARN_UNINITIALIZED_AUTOS = YES_AGGRESSIVE;
				GCC_WARN_UNUSED_FUNCTION = YES;
				GCC_WARN_UNUSED_VARIABLE = YES;
				IPHONEOS_DEPLOYMENT_TARGET = 16.0;
				MTL_ENABLE_DEBUG_INFO = INCLUDE_SOURCE;
				MTL_FAST_MATH = YES;
				ONLY_ACTIVE_ARCH = YES;
				SDKROOT = iphoneos;
				SWIFT_ACTIVE_COMPILATION_CONDITIONS = DEBUG;
				SWIFT_OPTIMIZATION_LEVEL = "-Onone";
			};
			name = Debug;
		};
		FC8A69AE28D12FED00DF2743 /* Release */ = {
			isa = XCBuildConfiguration;
			buildSettings = {
				ALWAYS_SEARCH_USER_PATHS = NO;
				CLANG_ANALYZER_NONNULL = YES;
				CLANG_ANALYZER_NUMBER_OBJECT_CONVERSION = YES_AGGRESSIVE;
				CLANG_CXX_LANGUAGE_STANDARD = "gnu++20";
				CLANG_ENABLE_MODULES = YES;
				CLANG_ENABLE_OBJC_ARC = YES;
				CLANG_ENABLE_OBJC_WEAK = YES;
				CLANG_WARN_BLOCK_CAPTURE_AUTORELEASING = YES;
				CLANG_WARN_BOOL_CONVERSION = YES;
				CLANG_WARN_COMMA = YES;
				CLANG_WARN_CONSTANT_CONVERSION = YES;
				CLANG_WARN_DEPRECATED_OBJC_IMPLEMENTATIONS = YES;
				CLANG_WARN_DIRECT_OBJC_ISA_USAGE = YES_ERROR;
				CLANG_WARN_DOCUMENTATION_COMMENTS = YES;
				CLANG_WARN_EMPTY_BODY = YES;
				CLANG_WARN_ENUM_CONVERSION = YES;
				CLANG_WARN_INFINITE_RECURSION = YES;
				CLANG_WARN_INT_CONVERSION = YES;
				CLANG_WARN_NON_LITERAL_NULL_CONVERSION = YES;
				CLANG_WARN_OBJC_IMPLICIT_RETAIN_SELF = YES;
				CLANG_WARN_OBJC_LITERAL_CONVERSION = YES;
				CLANG_WARN_OBJC_ROOT_CLASS = YES_ERROR;
				CLANG_WARN_QUOTED_INCLUDE_IN_FRAMEWORK_HEADER = YES;
				CLANG_WARN_RANGE_LOOP_ANALYSIS = YES;
				CLANG_WARN_STRICT_PROTOTYPES = YES;
				CLANG_WARN_SUSPICIOUS_MOVE = YES;
				CLANG_WARN_UNGUARDED_AVAILABILITY = YES_AGGRESSIVE;
				CLANG_WARN_UNREACHABLE_CODE = YES;
				CLANG_WARN__DUPLICATE_METHOD_MATCH = YES;
				COPY_PHASE_STRIP = NO;
				DEBUG_INFORMATION_FORMAT = "dwarf-with-dsym";
				ENABLE_NS_ASSERTIONS = NO;
				ENABLE_STRICT_OBJC_MSGSEND = YES;
				GCC_C_LANGUAGE_STANDARD = gnu11;
				GCC_NO_COMMON_BLOCKS = YES;
				GCC_WARN_64_TO_32_BIT_CONVERSION = YES;
				GCC_WARN_ABOUT_RETURN_TYPE = YES_ERROR;
				GCC_WARN_UNDECLARED_SELECTOR = YES;
				GCC_WARN_UNINITIALIZED_AUTOS = YES_AGGRESSIVE;
				GCC_WARN_UNUSED_FUNCTION = YES;
				GCC_WARN_UNUSED_VARIABLE = YES;
				IPHONEOS_DEPLOYMENT_TARGET = 16.0;
				MTL_ENABLE_DEBUG_INFO = NO;
				MTL_FAST_MATH = YES;
				SDKROOT = iphoneos;
				SWIFT_COMPILATION_MODE = wholemodule;
				SWIFT_OPTIMIZATION_LEVEL = "-O";
				VALIDATE_PRODUCT = YES;
			};
			name = Release;
		};
		FC8A69B028D12FED00DF2743 /* Debug */ = {
			isa = XCBuildConfiguration;
			baseConfigurationReference = 7FDC13BB783E64A799CD6E83 /* Pods-Flix.debug.xcconfig */;
			buildSettings = {
				ASSETCATALOG_COMPILER_APPICON_NAME = AppIcon;
				ASSETCATALOG_COMPILER_GLOBAL_ACCENT_COLOR_NAME = AccentColor;
				CODE_SIGN_STYLE = Automatic;
				CURRENT_PROJECT_VERSION = 1;
				DEVELOPMENT_TEAM = BW32H9JZLA;
				GENERATE_INFOPLIST_FILE = YES;
				INFOPLIST_FILE = Flix/Info.plist;
				INFOPLIST_KEY_UIApplicationSupportsIndirectInputEvents = YES;
				INFOPLIST_KEY_UILaunchStoryboardName = LaunchScreen;
				INFOPLIST_KEY_UIMainStoryboardFile = Main;
				INFOPLIST_KEY_UISupportedInterfaceOrientations_iPad = "UIInterfaceOrientationPortrait UIInterfaceOrientationPortraitUpsideDown UIInterfaceOrientationLandscapeLeft UIInterfaceOrientationLandscapeRight";
				INFOPLIST_KEY_UISupportedInterfaceOrientations_iPhone = "UIInterfaceOrientationPortrait UIInterfaceOrientationLandscapeLeft UIInterfaceOrientationLandscapeRight";
				LD_RUNPATH_SEARCH_PATHS = (
					"$(inherited)",
					"@executable_path/Frameworks",
				);
				MARKETING_VERSION = 1.0;
				PRODUCT_BUNDLE_IDENTIFIER = com.SalemNassar.Flix;
				PRODUCT_NAME = "$(TARGET_NAME)";
				SWIFT_EMIT_LOC_STRINGS = YES;
				SWIFT_VERSION = 5.0;
				TARGETED_DEVICE_FAMILY = "1,2";
			};
			name = Debug;
		};
		FC8A69B128D12FED00DF2743 /* Release */ = {
			isa = XCBuildConfiguration;
			baseConfigurationReference = 1001AB4E92A3D621B4B3EBD0 /* Pods-Flix.release.xcconfig */;
			buildSettings = {
				ASSETCATALOG_COMPILER_APPICON_NAME = AppIcon;
				ASSETCATALOG_COMPILER_GLOBAL_ACCENT_COLOR_NAME = AccentColor;
				CODE_SIGN_STYLE = Automatic;
				CURRENT_PROJECT_VERSION = 1;
				DEVELOPMENT_TEAM = BW32H9JZLA;
				GENERATE_INFOPLIST_FILE = YES;
				INFOPLIST_FILE = Flix/Info.plist;
				INFOPLIST_KEY_UIApplicationSupportsIndirectInputEvents = YES;
				INFOPLIST_KEY_UILaunchStoryboardName = LaunchScreen;
				INFOPLIST_KEY_UIMainStoryboardFile = Main;
				INFOPLIST_KEY_UISupportedInterfaceOrientations_iPad = "UIInterfaceOrientationPortrait UIInterfaceOrientationPortraitUpsideDown UIInterfaceOrientationLandscapeLeft UIInterfaceOrientationLandscapeRight";
				INFOPLIST_KEY_UISupportedInterfaceOrientations_iPhone = "UIInterfaceOrientationPortrait UIInterfaceOrientationLandscapeLeft UIInterfaceOrientationLandscapeRight";
				LD_RUNPATH_SEARCH_PATHS = (
					"$(inherited)",
					"@executable_path/Frameworks",
				);
				MARKETING_VERSION = 1.0;
				PRODUCT_BUNDLE_IDENTIFIER = com.SalemNassar.Flix;
				PRODUCT_NAME = "$(TARGET_NAME)";
				SWIFT_EMIT_LOC_STRINGS = YES;
				SWIFT_VERSION = 5.0;
				TARGETED_DEVICE_FAMILY = "1,2";
			};
			name = Release;
		};
		FC8A69B328D12FED00DF2743 /* Debug */ = {
			isa = XCBuildConfiguration;
			baseConfigurationReference = F0D6B2A963AC86A08801BE54 /* Pods-FlixTests.debug.xcconfig */;
			buildSettings = {
				ALWAYS_EMBED_SWIFT_STANDARD_LIBRARIES = YES;
				BUNDLE_LOADER = "$(TEST_HOST)";
				CODE_SIGN_STYLE = Automatic;
				CURRENT_PROJECT_VERSION = 1;
				DEVELOPMENT_TEAM = BW32H9JZLA;
				GENERATE_INFOPLIST_FILE = YES;
				IPHONEOS_DEPLOYMENT_TARGET = 16.0;
				MARKETING_VERSION = 1.0;
				PRODUCT_BUNDLE_IDENTIFIER = com.SalemNassar.FlixTests;
				PRODUCT_NAME = "$(TARGET_NAME)";
				SWIFT_EMIT_LOC_STRINGS = NO;
				SWIFT_VERSION = 5.0;
				TARGETED_DEVICE_FAMILY = "1,2";
				TEST_HOST = "$(BUILT_PRODUCTS_DIR)/Flix.app/$(BUNDLE_EXECUTABLE_FOLDER_PATH)/Flix";
			};
			name = Debug;
		};
		FC8A69B428D12FED00DF2743 /* Release */ = {
			isa = XCBuildConfiguration;
			baseConfigurationReference = 9E74F2A4A2EA67306BC4A1C5 /* Pods-FlixTests.release.xcconfig */;
			buildSettings = {
				ALWAYS_EMBED_SWIFT_STANDARD_LIBRARIES = YES;
				BUNDLE_LOADER = "$(TEST_HOST)";
				CODE_SIGN_STYLE = Automatic;
				CURRENT_PROJECT_VERSION = 1;
				DEVELOPMENT_TEAM = BW32H9JZLA;
				GENERATE_INFOPLIST_FILE = YES;
				IPHONEOS_DEPLOYMENT_TARGET = 16.0;
				MARKETING_VERSION = 1.0;
				PRODUCT_BUNDLE_IDENTIFIER = com.SalemNassar.FlixTests;
				PRODUCT_NAME = "$(TARGET_NAME)";
				SWIFT_EMIT_LOC_STRINGS = NO;
				SWIFT_VERSION = 5.0;
				TARGETED_DEVICE_FAMILY = "1,2";
				TEST_HOST = "$(BUILT_PRODUCTS_DIR)/Flix.app/$(BUNDLE_EXECUTABLE_FOLDER_PATH)/Flix";
			};
			name = Release;
		};
		FC8A69B628D12FED00DF2743 /* Debug */ = {
			isa = XCBuildConfiguration;
			baseConfigurationReference = AF3D10719C826AF763CFA61B /* Pods-Flix-FlixUITests.debug.xcconfig */;
			buildSettings = {
				ALWAYS_EMBED_SWIFT_STANDARD_LIBRARIES = YES;
				CODE_SIGN_STYLE = Automatic;
				CURRENT_PROJECT_VERSION = 1;
				DEVELOPMENT_TEAM = BW32H9JZLA;
				GENERATE_INFOPLIST_FILE = YES;
				MARKETING_VERSION = 1.0;
				PRODUCT_BUNDLE_IDENTIFIER = com.SalemNassar.FlixUITests;
				PRODUCT_NAME = "$(TARGET_NAME)";
				SWIFT_EMIT_LOC_STRINGS = NO;
				SWIFT_VERSION = 5.0;
				TARGETED_DEVICE_FAMILY = "1,2";
				TEST_TARGET_NAME = Flix;
			};
			name = Debug;
		};
		FC8A69B728D12FED00DF2743 /* Release */ = {
			isa = XCBuildConfiguration;
			baseConfigurationReference = 2F716AA794E3690B3E5BACA4 /* Pods-Flix-FlixUITests.release.xcconfig */;
			buildSettings = {
				ALWAYS_EMBED_SWIFT_STANDARD_LIBRARIES = YES;
				CODE_SIGN_STYLE = Automatic;
				CURRENT_PROJECT_VERSION = 1;
				DEVELOPMENT_TEAM = BW32H9JZLA;
				GENERATE_INFOPLIST_FILE = YES;
				MARKETING_VERSION = 1.0;
				PRODUCT_BUNDLE_IDENTIFIER = com.SalemNassar.FlixUITests;
				PRODUCT_NAME = "$(TARGET_NAME)";
				SWIFT_EMIT_LOC_STRINGS = NO;
				SWIFT_VERSION = 5.0;
				TARGETED_DEVICE_FAMILY = "1,2";
				TEST_TARGET_NAME = Flix;
			};
			name = Release;
		};
/* End XCBuildConfiguration section */

/* Begin XCConfigurationList section */
		FC8A698028D12FEB00DF2743 /* Build configuration list for PBXProject "Flix" */ = {
			isa = XCConfigurationList;
			buildConfigurations = (
				FC8A69AD28D12FED00DF2743 /* Debug */,
				FC8A69AE28D12FED00DF2743 /* Release */,
			);
			defaultConfigurationIsVisible = 0;
			defaultConfigurationName = Release;
		};
		FC8A69AF28D12FED00DF2743 /* Build configuration list for PBXNativeTarget "Flix" */ = {
			isa = XCConfigurationList;
			buildConfigurations = (
				FC8A69B028D12FED00DF2743 /* Debug */,
				FC8A69B128D12FED00DF2743 /* Release */,
			);
			defaultConfigurationIsVisible = 0;
			defaultConfigurationName = Release;
		};
		FC8A69B228D12FED00DF2743 /* Build configuration list for PBXNativeTarget "FlixTests" */ = {
			isa = XCConfigurationList;
			buildConfigurations = (
				FC8A69B328D12FED00DF2743 /* Debug */,
				FC8A69B428D12FED00DF2743 /* Release */,
			);
			defaultConfigurationIsVisible = 0;
			defaultConfigurationName = Release;
		};
		FC8A69B528D12FED00DF2743 /* Build configuration list for PBXNativeTarget "FlixUITests" */ = {
			isa = XCConfigurationList;
			buildConfigurations = (
				FC8A69B628D12FED00DF2743 /* Debug */,
				FC8A69B728D12FED00DF2743 /* Release */,
			);
			defaultConfigurationIsVisible = 0;
			defaultConfigurationName = Release;
		};
/* End XCConfigurationList section */

/* Begin XCRemoteSwiftPackageReference section */
		FC43BDDD28D4F0ED00F0BB9C /* XCRemoteSwiftPackageReference "AlamofireImage" */ = {
			isa = XCRemoteSwiftPackageReference;
			repositoryURL = "https://github.com/Alamofire/AlamofireImage";
			requirement = {
				kind = upToNextMajorVersion;
				minimumVersion = 4.0.0;
			};
		};
/* End XCRemoteSwiftPackageReference section */

/* Begin XCSwiftPackageProductDependency section */
		FC43BDDE28D4F0ED00F0BB9C /* AlamofireImage */ = {
			isa = XCSwiftPackageProductDependency;
			package = FC43BDDD28D4F0ED00F0BB9C /* XCRemoteSwiftPackageReference "AlamofireImage" */;
			productName = AlamofireImage;
		};
/* End XCSwiftPackageProductDependency section */
	};
	rootObject = FC8A697D28D12FEB00DF2743 /* Project object */;
}
